
Microsoft Visual Studio Solution File, Format Version 12.00
# Visual Studio 15
VisualStudioVersion = 15.0.27428.2037
MinimumVisualStudioVersion = 10.0.40219.1
Project("{FAE04EC0-301F-11D3-BF4B-00C04F79EFBC}") = "FileReadingLibrary.Web", "FileReadingLibrary\FileReadingLibrary.Web.csproj", "{457D80EB-C674-48AD-ADFD-10F5801AD363}"
EndProject
Project("{FAE04EC0-301F-11D3-BF4B-00C04F79EFBC}") = "FileReadingLibrary.Services", "FileReadingLibrary.Services\FileReadingLibrary.Services.csproj", "{F04D61BE-DB22-4258-BBB9-07A559270122}"
EndProject
Project("{FAE04EC0-301F-11D3-BF4B-00C04F79EFBC}") = "FileReadingLibrary.Model", "FileReadingLibrary.Model\FileReadingLibrary.Model.csproj", "{3FA77413-BA51-4FFE-9748-7C15302998F3}"
EndProject
Project("{FAE04EC0-301F-11D3-BF4B-00C04F79EFBC}") = "FileReadingLibrary.Data", "FileReadingLibrary.Data\FileReadingLibrary.Data.csproj", "{B1CA0A56-00A5-405C-9738-25A9E5475C8F}"
EndProject
Project("{FAE04EC0-301F-11D3-BF4B-00C04F79EFBC}") = "FileReadingLibrary.DataTransferObjects", "FileReadingLibrary.DataTransferObjects\FileReadingLibrary.DataTransferObjects.csproj", "{05FEF5CA-B381-4CBD-B581-5B42228C2E07}"
EndProject
Global
	GlobalSection(SolutionConfigurationPlatforms) = preSolution
		Debug|Any CPU = Debug|Any CPU
		Release|Any CPU = Release|Any CPU
	EndGlobalSection
	GlobalSection(ProjectConfigurationPlatforms) = postSolution
		{457D80EB-C674-48AD-ADFD-10F5801AD363}.Debug|Any CPU.ActiveCfg = Debug|Any CPU
		{457D80EB-C674-48AD-ADFD-10F5801AD363}.Debug|Any CPU.Build.0 = Debug|Any CPU
		{457D80EB-C674-48AD-ADFD-10F5801AD363}.Release|Any CPU.ActiveCfg = Release|Any CPU
		{457D80EB-C674-48AD-ADFD-10F5801AD363}.Release|Any CPU.Build.0 = Release|Any CPU
		{F04D61BE-DB22-4258-BBB9-07A559270122}.Debug|Any CPU.ActiveCfg = Debug|Any CPU
		{F04D61BE-DB22-4258-BBB9-07A559270122}.Debug|Any CPU.Build.0 = Debug|Any CPU
		{F04D61BE-DB22-4258-BBB9-07A559270122}.Release|Any CPU.ActiveCfg = Release|Any CPU
		{F04D61BE-DB22-4258-BBB9-07A559270122}.Release|Any CPU.Build.0 = Release|Any CPU
		{3FA77413-BA51-4FFE-9748-7C15302998F3}.Debug|Any CPU.ActiveCfg = Debug|Any CPU
		{3FA77413-BA51-4FFE-9748-7C15302998F3}.Debug|Any CPU.Build.0 = Debug|Any CPU
		{3FA77413-BA51-4FFE-9748-7C15302998F3}.Release|Any CPU.ActiveCfg = Release|Any CPU
		{3FA77413-BA51-4FFE-9748-7C15302998F3}.Release|Any CPU.Build.0 = Release|Any CPU
		{B1CA0A56-00A5-405C-9738-25A9E5475C8F}.Debug|Any CPU.ActiveCfg = Debug|Any CPU
		{B1CA0A56-00A5-405C-9738-25A9E5475C8F}.Debug|Any CPU.Build.0 = Debug|Any CPU
		{B1CA0A56-00A5-405C-9738-25A9E5475C8F}.Release|Any CPU.ActiveCfg = Release|Any CPU
		{B1CA0A56-00A5-405C-9738-25A9E5475C8F}.Release|Any CPU.Build.0 = Release|Any CPU
		{05FEF5CA-B381-4CBD-B581-5B42228C2E07}.Debug|Any CPU.ActiveCfg = Debug|Any CPU
		{05FEF5CA-B381-4CBD-B581-5B42228C2E07}.Debug|Any CPU.Build.0 = Debug|Any CPU
		{05FEF5CA-B381-4CBD-B581-5B42228C2E07}.Release|Any CPU.ActiveCfg = Release|Any CPU
		{05FEF5CA-B381-4CBD-B581-5B42228C2E07}.Release|Any CPU.Build.0 = Release|Any CPU
	EndGlobalSection
	GlobalSection(SolutionProperties) = preSolution
		HideSolutionNode = FALSE
	EndGlobalSection
	GlobalSection(ExtensibilityGlobals) = postSolution
		SolutionGuid = {8A929110-5504-472B-A764-D28AFF4CC786}
	EndGlobalSection
EndGlobal
